
Microsoft Visual Studio Solution File, Format Version 12.00
# Visual Studio Version 16
VisualStudioVersion = 16.0.29424.173
MinimumVisualStudioVersion = 10.0.40219.1
Project("{FAE04EC0-301F-11D3-BF4B-00C04F79EFBC}") = "ControlStatements", "ControlStatements\ControlStatements.csproj", "{FE2A1F68-4077-4005-83B1-2CBABE1D6FF3}"
EndProject
Global
	GlobalSection(SolutionConfigurationPlatforms) = preSolution
		Debug|Any CPU = Debug|Any CPU
		Release|Any CPU = Release|Any CPU
	EndGlobalSection
	GlobalSection(ProjectConfigurationPlatforms) = postSolution
		{FE2A1F68-4077-4005-83B1-2CBABE1D6FF3}.Debug|Any CPU.ActiveCfg = Debug|Any CPU
		{FE2A1F68-4077-4005-83B1-2CBABE1D6FF3}.Debug|Any CPU.Build.0 = Debug|Any CPU
		{FE2A1F68-4077-4005-83B1-2CBABE1D6FF3}.Release|Any CPU.ActiveCfg = Release|Any CPU
		{FE2A1F68-4077-4005-83B1-2CBABE1D6FF3}.Release|Any CPU.Build.0 = Release|Any CPU
	EndGlobalSection
	GlobalSection(SolutionProperties) = preSolution
		HideSolutionNode = FALSE
	EndGlobalSection
	GlobalSection(ExtensibilityGlobals) = postSolution
		SolutionGuid = {1227D82D-F872-4639-8716-BB697B0A9F23}
	EndGlobalSection
EndGlobal
